// !$*UTF8*$!
{
	archiveVersion = 1;
	classes = {
	};
	objectVersion = 48;
	objects = {

/* Begin PBXBuildFile section */
		245C631320493D95007DBA5E /* AppDelegate.m in Sources */ = {isa = PBXBuildFile; fileRef = 245C631220493D95007DBA5E /* AppDelegate.m */; };
		245C631920493D95007DBA5E /* Main.storyboard in Resources */ = {isa = PBXBuildFile; fileRef = 245C631720493D95007DBA5E /* Main.storyboard */; };
		245C631B20493D95007DBA5E /* Assets.xcassets in Resources */ = {isa = PBXBuildFile; fileRef = 245C631A20493D95007DBA5E /* Assets.xcassets */; };
		245C631E20493D95007DBA5E /* LaunchScreen.storyboard in Resources */ = {isa = PBXBuildFile; fileRef = 245C631C20493D95007DBA5E /* LaunchScreen.storyboard */; };
		245C632120493D95007DBA5E /* main.m in Sources */ = {isa = PBXBuildFile; fileRef = 245C632020493D95007DBA5E /* main.m */; };
		245C635420493DC6007DBA5E /* CartTableViewCell.m in Sources */ = {isa = PBXBuildFile; fileRef = 245C632720493DC4007DBA5E /* CartTableViewCell.m */; };
		245C635520493DC6007DBA5E /* CartTableViewCell.xib in Resources */ = {isa = PBXBuildFile; fileRef = 245C632820493DC4007DBA5E /* CartTableViewCell.xib */; };
		245C635620493DC6007DBA5E /* add@2x.png in Resources */ = {isa = PBXBuildFile; fileRef = 245C632920493DC4007DBA5E /* add@2x.png */; };
		245C635720493DC6007DBA5E /* UIImage+WebP.m in Sources */ = {isa = PBXBuildFile; fileRef = 245C632B20493DC4007DBA5E /* UIImage+WebP.m */; };
		245C635820493DC6007DBA5E /* MKAnnotationView+WebCache.m in Sources */ = {isa = PBXBuildFile; fileRef = 245C632C20493DC4007DBA5E /* MKAnnotationView+WebCache.m */; };
		245C635920493DC6007DBA5E /* SDWebImageManager.m in Sources */ = {isa = PBXBuildFile; fileRef = 245C632F20493DC4007DBA5E /* SDWebImageManager.m */; };
		245C635A20493DC6007DBA5E /* SDWebImageDecoder.m in Sources */ = {isa = PBXBuildFile; fileRef = 245C633020493DC4007DBA5E /* SDWebImageDecoder.m */; };
		245C635B20493DC6007DBA5E /* UIImageView+HighlightedWebCache.m in Sources */ = {isa = PBXBuildFile; fileRef = 245C633220493DC4007DBA5E /* UIImageView+HighlightedWebCache.m */; };
		245C635C20493DC6007DBA5E /* SDWebImageDownloader.m in Sources */ = {isa = PBXBuildFile; fileRef = 245C633420493DC4007DBA5E /* SDWebImageDownloader.m */; };
		245C635D20493DC6007DBA5E /* UIImage+GIF.m in Sources */ = {isa = PBXBuildFile; fileRef = 245C633520493DC4007DBA5E /* UIImage+GIF.m */; };
		245C635E20493DC6007DBA5E /* UIImage+MultiFormat.m in Sources */ = {isa = PBXBuildFile; fileRef = 245C633720493DC4007DBA5E /* UIImage+MultiFormat.m */; };
		245C635F20493DC6007DBA5E /* SDWebImageCompat.m in Sources */ = {isa = PBXBuildFile; fileRef = 245C633820493DC4007DBA5E /* SDWebImageCompat.m */; };
		245C636020493DC6007DBA5E /* SDWebImagePrefetcher.m in Sources */ = {isa = PBXBuildFile; fileRef = 245C633920493DC4007DBA5E /* SDWebImagePrefetcher.m */; };
		245C636120493DC6007DBA5E /* SDImageCache.m in Sources */ = {isa = PBXBuildFile; fileRef = 245C633D20493DC4007DBA5E /* SDImageCache.m */; };
		245C636220493DC6007DBA5E /* SDWebImageDownloaderOperation.m in Sources */ = {isa = PBXBuildFile; fileRef = 245C633F20493DC4007DBA5E /* SDWebImageDownloaderOperation.m */; };
		245C636320493DC6007DBA5E /* NSData+ImageContentType.m in Sources */ = {isa = PBXBuildFile; fileRef = 245C634220493DC4007DBA5E /* NSData+ImageContentType.m */; };
		245C636420493DC6007DBA5E /* UIImageView+WebCache.m in Sources */ = {isa = PBXBuildFile; fileRef = 245C634320493DC4007DBA5E /* UIImageView+WebCache.m */; };
		245C636520493DC6007DBA5E /* UIView+WebCacheOperation.m in Sources */ = {isa = PBXBuildFile; fileRef = 245C634620493DC4007DBA5E /* UIView+WebCacheOperation.m */; };
		245C636620493DC6007DBA5E /* UIButton+WebCache.m in Sources */ = {isa = PBXBuildFile; fileRef = 245C634A20493DC4007DBA5E /* UIButton+WebCache.m */; };
		245C636720493DC6007DBA5E /* add.png in Resources */ = {isa = PBXBuildFile; fileRef = 245C634D20493DC5007DBA5E /* add.png */; };
		245C636820493DC6007DBA5E /* ShoppingCartTool.m in Sources */ = {isa = PBXBuildFile; fileRef = 245C634F20493DC5007DBA5E /* ShoppingCartTool.m */; };
		245C636920493DC6007DBA5E /* shopcart.gif in Resources */ = {isa = PBXBuildFile; fileRef = 245C635020493DC5007DBA5E /* shopcart.gif */; };
		245C636A20493DC6007DBA5E /* ViewController.m in Sources */ = {isa = PBXBuildFile; fileRef = 245C635220493DC5007DBA5E /* ViewController.m */; };
		245C636B20493DC6007DBA5E /* add@3x.png in Resources */ = {isa = PBXBuildFile; fileRef = 245C635320493DC6007DBA5E /* add@3x.png */; };
		245C636D20493DCD007DBA5E /* 购物车.png in Resources */ = {isa = PBXBuildFile; fileRef = 245C636C20493DCD007DBA5E /* 购物车.png */; };
/* End PBXBuildFile section */

/* Begin PBXFileReference section */
		245C630E20493D95007DBA5E /* cloneEleMeAddShopCart.app */ = {isa = PBXFileReference; explicitFileType = wrapper.application; includeInIndex = 0; path = cloneEleMeAddShopCart.app; sourceTree = BUILT_PRODUCTS_DIR; };
		245C631120493D95007DBA5E /* AppDelegate.h */ = {isa = PBXFileReference; lastKnownFileType = sourcecode.c.h; path = AppDelegate.h; sourceTree = "<group>"; };
		245C631220493D95007DBA5E /* AppDelegate.m */ = {isa = PBXFileReference; lastKnownFileType = sourcecode.c.objc; path = AppDelegate.m; sourceTree = "<group>"; };
		245C631820493D95007DBA5E /* Base */ = {isa = PBXFileReference; lastKnownFileType = file.storyboard; name = Base; path = Base.lproj/Main.storyboard; sourceTree = "<group>"; };
		245C631A20493D95007DBA5E /* Assets.xcassets */ = {isa = PBXFileReference; lastKnownFileType = folder.assetcatalog; path = Assets.xcassets; sourceTree = "<group>"; };
		245C631D20493D95007DBA5E /* Base */ = {isa = PBXFileReference; lastKnownFileType = file.storyboard; name = Base; path = Base.lproj/LaunchScreen.storyboard; sourceTree = "<group>"; };
		245C631F20493D95007DBA5E /* Info.plist */ = {isa = PBXFileReference; lastKnownFileType = text.plist.xml; path = Info.plist; sourceTree = "<group>"; };
		245C632020493D95007DBA5E /* main.m */ = {isa = PBXFileReference; lastKnownFileType = sourcecode.c.objc; path = main.m; sourceTree = "<group>"; };
		245C632720493DC4007DBA5E /* CartTableViewCell.m */ = {isa = PBXFileReference; fileEncoding = 4; lastKnownFileType = sourcecode.c.objc; path = CartTableViewCell.m; sourceTree = "<group>"; };
		245C632820493DC4007DBA5E /* CartTableViewCell.xib */ = {isa = PBXFileReference; fileEncoding = 4; lastKnownFileType = file.xib; path = CartTableViewCell.xib; sourceTree = "<group>"; };
		245C632920493DC4007DBA5E /* add@2x.png */ = {isa = PBXFileReference; lastKnownFileType = image.png; path = "add@2x.png"; sourceTree = "<group>"; };
		245C632B20493DC4007DBA5E /* UIImage+WebP.m */ = {isa = PBXFileReference; fileEncoding = 4; lastKnownFileType = sourcecode.c.objc; path = "UIImage+WebP.m"; sourceTree = "<group>"; };
		245C632C20493DC4007DBA5E /* MKAnnotationView+WebCache.m */ = {isa = PBXFileReference; fileEncoding = 4; lastKnownFileType = sourcecode.c.objc; path = "MKAnnotationView+WebCache.m"; sourceTree = "<group>"; };
		245C632D20493DC4007DBA5E /* UIImageView+WebCache.h */ = {isa = PBXFileReference; fileEncoding = 4; lastKnownFileType = sourcecode.c.h; path = "UIImageView+WebCache.h"; sourceTree = "<group>"; };
		245C632E20493DC4007DBA5E /* NSData+ImageContentType.h */ = {isa = PBXFileReference; fileEncoding = 4; lastKnownFileType = sourcecode.c.h; path = "NSData+ImageContentType.h"; sourceTree = "<group>"; };
		245C632F20493DC4007DBA5E /* SDWebImageManager.m */ = {isa = PBXFileReference; fileEncoding = 4; lastKnownFileType = sourcecode.c.objc; path = SDWebImageManager.m; sourceTree = "<group>"; };
		245C633020493DC4007DBA5E /* SDWebImageDecoder.m */ = {isa = PBXFileReference; fileEncoding = 4; lastKnownFileType = sourcecode.c.objc; path = SDWebImageDecoder.m; sourceTree = "<group>"; };
		245C633120493DC4007DBA5E /* SDWebImageDownloaderOperation.h */ = {isa = PBXFileReference; fileEncoding = 4; lastKnownFileType = sourcecode.c.h; path = SDWebImageDownloaderOperation.h; sourceTree = "<group>"; };
		245C633220493DC4007DBA5E /* UIImageView+HighlightedWebCache.m */ = {isa = PBXFileReference; fileEncoding = 4; lastKnownFileType = sourcecode.c.objc; path = "UIImageView+HighlightedWebCache.m"; sourceTree = "<group>"; };
		245C633320493DC4007DBA5E /* SDImageCache.h */ = {isa = PBXFileReference; fileEncoding = 4; lastKnownFileType = sourcecode.c.h; path = SDImageCache.h; sourceTree = "<group>"; };
		245C633420493DC4007DBA5E /* SDWebImageDownloader.m */ = {isa = PBXFileReference; fileEncoding = 4; lastKnownFileType = sourcecode.c.objc; path = SDWebImageDownloader.m; sourceTree = "<group>"; };
		245C633520493DC4007DBA5E /* UIImage+GIF.m */ = {isa = PBXFileReference; fileEncoding = 4; lastKnownFileType = sourcecode.c.objc; path = "UIImage+GIF.m"; sourceTree = "<group>"; };
		245C633620493DC4007DBA5E /* UIButton+WebCache.h */ = {isa = PBXFileReference; fileEncoding = 4; lastKnownFileType = sourcecode.c.h; path = "UIButton+WebCache.h"; sourceTree = "<group>"; };
		245C633720493DC4007DBA5E /* UIImage+MultiFormat.m */ = {isa = PBXFileReference; fileEncoding = 4; lastKnownFileType = sourcecode.c.objc; path = "UIImage+MultiFormat.m"; sourceTree = "<group>"; };
		245C633820493DC4007DBA5E /* SDWebImageCompat.m */ = {isa = PBXFileReference; fileEncoding = 4; lastKnownFileType = sourcecode.c.objc; path = SDWebImageCompat.m; sourceTree = "<group>"; };
		245C633920493DC4007DBA5E /* SDWebImagePrefetcher.m */ = {isa = PBXFileReference; fileEncoding = 4; lastKnownFileType = sourcecode.c.objc; path = SDWebImagePrefetcher.m; sourceTree = "<group>"; };
		245C633A20493DC4007DBA5E /* UIView+WebCacheOperation.h */ = {isa = PBXFileReference; fileEncoding = 4; lastKnownFileType = sourcecode.c.h; path = "UIView+WebCacheOperation.h"; sourceTree = "<group>"; };
		245C633B20493DC4007DBA5E /* MKAnnotationView+WebCache.h */ = {isa = PBXFileReference; fileEncoding = 4; lastKnownFileType = sourcecode.c.h; path = "MKAnnotationView+WebCache.h"; sourceTree = "<group>"; };
		245C633C20493DC4007DBA5E /* UIImage+WebP.h */ = {isa = PBXFileReference; fileEncoding = 4; lastKnownFileType = sourcecode.c.h; path = "UIImage+WebP.h"; sourceTree = "<group>"; };
		245C633D20493DC4007DBA5E /* SDImageCache.m */ = {isa = PBXFileReference; fileEncoding = 4; lastKnownFileType = sourcecode.c.objc; path = SDImageCache.m; sourceTree = "<group>"; };
		245C633E20493DC4007DBA5E /* UIImageView+HighlightedWebCache.h */ = {isa = PBXFileReference; fileEncoding = 4; lastKnownFileType = sourcecode.c.h; path = "UIImageView+HighlightedWebCache.h"; sourceTree = "<group>"; };
		245C633F20493DC4007DBA5E /* SDWebImageDownloaderOperation.m */ = {isa = PBXFileReference; fileEncoding = 4; lastKnownFileType = sourcecode.c.objc; path = SDWebImageDownloaderOperation.m; sourceTree = "<group>"; };
		245C634020493DC4007DBA5E /* SDWebImageDecoder.h */ = {isa = PBXFileReference; fileEncoding = 4; lastKnownFileType = sourcecode.c.h; path = SDWebImageDecoder.h; sourceTree = "<group>"; };
		245C634120493DC4007DBA5E /* SDWebImageManager.h */ = {isa = PBXFileReference; fileEncoding = 4; lastKnownFileType = sourcecode.c.h; path = SDWebImageManager.h; sourceTree = "<group>"; };
		245C634220493DC4007DBA5E /* NSData+ImageContentType.m */ = {isa = PBXFileReference; fileEncoding = 4; lastKnownFileType = sourcecode.c.objc; path = "NSData+ImageContentType.m"; sourceTree = "<group>"; };
		245C634320493DC4007DBA5E /* UIImageView+WebCache.m */ = {isa = PBXFileReference; fileEncoding = 4; lastKnownFileType = sourcecode.c.objc; path = "UIImageView+WebCache.m"; sourceTree = "<group>"; };
		245C634420493DC4007DBA5E /* SDWebImageOperation.h */ = {isa = PBXFileReference; fileEncoding = 4; lastKnownFileType = sourcecode.c.h; path = SDWebImageOperation.h; sourceTree = "<group>"; };
		245C634520493DC4007DBA5E /* SDWebImageDownloader.h */ = {isa = PBXFileReference; fileEncoding = 4; lastKnownFileType = sourcecode.c.h; path = SDWebImageDownloader.h; sourceTree = "<group>"; };
		245C634620493DC4007DBA5E /* UIView+WebCacheOperation.m */ = {isa = PBXFileReference; fileEncoding = 4; lastKnownFileType = sourcecode.c.objc; path = "UIView+WebCacheOperation.m"; sourceTree = "<group>"; };
		245C634720493DC4007DBA5E /* SDWebImagePrefetcher.h */ = {isa = PBXFileReference; fileEncoding = 4; lastKnownFileType = sourcecode.c.h; path = SDWebImagePrefetcher.h; sourceTree = "<group>"; };
		245C634820493DC4007DBA5E /* SDWebImageCompat.h */ = {isa = PBXFileReference; fileEncoding = 4; lastKnownFileType = sourcecode.c.h; path = SDWebImageCompat.h; sourceTree = "<group>"; };
		245C634920493DC4007DBA5E /* UIImage+MultiFormat.h */ = {isa = PBXFileReference; fileEncoding = 4; lastKnownFileType = sourcecode.c.h; path = "UIImage+MultiFormat.h"; sourceTree = "<group>"; };
		245C634A20493DC4007DBA5E /* UIButton+WebCache.m */ = {isa = PBXFileReference; fileEncoding = 4; lastKnownFileType = sourcecode.c.objc; path = "UIButton+WebCache.m"; sourceTree = "<group>"; };
		245C634B20493DC4007DBA5E /* UIImage+GIF.h */ = {isa = PBXFileReference; fileEncoding = 4; lastKnownFileType = sourcecode.c.h; path = "UIImage+GIF.h"; sourceTree = "<group>"; };
		245C634C20493DC5007DBA5E /* ViewController.h */ = {isa = PBXFileReference; fileEncoding = 4; lastKnownFileType = sourcecode.c.h; path = ViewController.h; sourceTree = "<group>"; };
		245C634D20493DC5007DBA5E /* add.png */ = {isa = PBXFileReference; lastKnownFileType = image.png; path = add.png; sourceTree = "<group>"; };
		245C634E20493DC5007DBA5E /* CartTableViewCell.h */ = {isa = PBXFileReference; fileEncoding = 4; lastKnownFileType = sourcecode.c.h; path = CartTableViewCell.h; sourceTree = "<group>"; };
		245C634F20493DC5007DBA5E /* ShoppingCartTool.m */ = {isa = PBXFileReference; fileEncoding = 4; lastKnownFileType = sourcecode.c.objc; path = ShoppingCartTool.m; sourceTree = "<group>"; };
		245C635020493DC5007DBA5E /* shopcart.gif */ = {isa = PBXFileReference; lastKnownFileType = image.gif; path = shopcart.gif; sourceTree = "<group>"; };
		245C635120493DC5007DBA5E /* ShoppingCartTool.h */ = {isa = PBXFileReference; fileEncoding = 4; lastKnownFileType = sourcecode.c.h; path = ShoppingCartTool.h; sourceTree = "<group>"; };
		245C635220493DC5007DBA5E /* ViewController.m */ = {isa = PBXFileReference; fileEncoding = 4; lastKnownFileType = sourcecode.c.objc; path = ViewController.m; sourceTree = "<group>"; };
		245C635320493DC6007DBA5E /* add@3x.png */ = {isa = PBXFileReference; lastKnownFileType = image.png; path = "add@3x.png"; sourceTree = "<group>"; };
		245C636C20493DCD007DBA5E /* 购物车.png */ = {isa = PBXFileReference; lastKnownFileType = image.png; path = "购物车.png"; sourceTree = "<group>"; };
/* End PBXFileReference section */

/* Begin PBXFrameworksBuildPhase section */
		245C630B20493D95007DBA5E /* Frameworks */ = {
			isa = PBXFrameworksBuildPhase;
			buildActionMask = 2147483647;
			files = (
			);
			runOnlyForDeploymentPostprocessing = 0;
		};
/* End PBXFrameworksBuildPhase section */

/* Begin PBXGroup section */
		245C630520493D95007DBA5E = {
			isa = PBXGroup;
			children = (
				245C631020493D95007DBA5E /* cloneEleMeAddShopCart */,
				245C630F20493D95007DBA5E /* Products */,
			);
			sourceTree = "<group>";
		};
		245C630F20493D95007DBA5E /* Products */ = {
			isa = PBXGroup;
			children = (
				245C630E20493D95007DBA5E /* cloneEleMeAddShopCart.app */,
			);
			name = Products;
			sourceTree = "<group>";
		};
		245C631020493D95007DBA5E /* cloneEleMeAddShopCart */ = {
			isa = PBXGroup;
			children = (
				245C636C20493DCD007DBA5E /* 购物车.png */,
				245C634D20493DC5007DBA5E /* add.png */,
				245C632920493DC4007DBA5E /* add@2x.png */,
				245C635320493DC6007DBA5E /* add@3x.png */,
				245C634E20493DC5007DBA5E /* CartTableViewCell.h */,
				245C632720493DC4007DBA5E /* CartTableViewCell.m */,
				245C632820493DC4007DBA5E /* CartTableViewCell.xib */,
				245C632A20493DC4007DBA5E /* SDWebImage */,
				245C635020493DC5007DBA5E /* shopcart.gif */,
				245C635120493DC5007DBA5E /* ShoppingCartTool.h */,
				245C634F20493DC5007DBA5E /* ShoppingCartTool.m */,
				245C634C20493DC5007DBA5E /* ViewController.h */,
				245C635220493DC5007DBA5E /* ViewController.m */,
				245C631120493D95007DBA5E /* AppDelegate.h */,
				245C631220493D95007DBA5E /* AppDelegate.m */,
				245C631720493D95007DBA5E /* Main.storyboard */,
				245C631A20493D95007DBA5E /* Assets.xcassets */,
				245C631C20493D95007DBA5E /* LaunchScreen.storyboard */,
				245C631F20493D95007DBA5E /* Info.plist */,
				245C632020493D95007DBA5E /* main.m */,
			);
			path = cloneEleMeAddShopCart;
			sourceTree = "<group>";
		};
		245C632A20493DC4007DBA5E /* SDWebImage */ = {
			isa = PBXGroup;
			children = (
				245C632B20493DC4007DBA5E /* UIImage+WebP.m */,
				245C632C20493DC4007DBA5E /* MKAnnotationView+WebCache.m */,
				245C632D20493DC4007DBA5E /* UIImageView+WebCache.h */,
				245C632E20493DC4007DBA5E /* NSData+ImageContentType.h */,
				245C632F20493DC4007DBA5E /* SDWebImageManager.m */,
				245C633020493DC4007DBA5E /* SDWebImageDecoder.m */,
				245C633120493DC4007DBA5E /* SDWebImageDownloaderOperation.h */,
				245C633220493DC4007DBA5E /* UIImageView+HighlightedWebCache.m */,
				245C633320493DC4007DBA5E /* SDImageCache.h */,
				245C633420493DC4007DBA5E /* SDWebImageDownloader.m */,
				245C633520493DC4007DBA5E /* UIImage+GIF.m */,
				245C633620493DC4007DBA5E /* UIButton+WebCache.h */,
				245C633720493DC4007DBA5E /* UIImage+MultiFormat.m */,
				245C633820493DC4007DBA5E /* SDWebImageCompat.m */,
				245C633920493DC4007DBA5E /* SDWebImagePrefetcher.m */,
				245C633A20493DC4007DBA5E /* UIView+WebCacheOperation.h */,
				245C633B20493DC4007DBA5E /* MKAnnotationView+WebCache.h */,
				245C633C20493DC4007DBA5E /* UIImage+WebP.h */,
				245C633D20493DC4007DBA5E /* SDImageCache.m */,
				245C633E20493DC4007DBA5E /* UIImageView+HighlightedWebCache.h */,
				245C633F20493DC4007DBA5E /* SDWebImageDownloaderOperation.m */,
				245C634020493DC4007DBA5E /* SDWebImageDecoder.h */,
				245C634120493DC4007DBA5E /* SDWebImageManager.h */,
				245C634220493DC4007DBA5E /* NSData+ImageContentType.m */,
				245C634320493DC4007DBA5E /* UIImageView+WebCache.m */,
				245C634420493DC4007DBA5E /* SDWebImageOperation.h */,
				245C634520493DC4007DBA5E /* SDWebImageDownloader.h */,
				245C634620493DC4007DBA5E /* UIView+WebCacheOperation.m */,
				245C634720493DC4007DBA5E /* SDWebImagePrefetcher.h */,
				245C634820493DC4007DBA5E /* SDWebImageCompat.h */,
				245C634920493DC4007DBA5E /* UIImage+MultiFormat.h */,
				245C634A20493DC4007DBA5E /* UIButton+WebCache.m */,
				245C634B20493DC4007DBA5E /* UIImage+GIF.h */,
			);
			path = SDWebImage;
			sourceTree = "<group>";
		};
/* End PBXGroup section */

/* Begin PBXNativeTarget section */
		245C630D20493D95007DBA5E /* cloneEleMeAddShopCart */ = {
			isa = PBXNativeTarget;
			buildConfigurationList = 245C632420493D95007DBA5E /* Build configuration list for PBXNativeTarget "cloneEleMeAddShopCart" */;
			buildPhases = (
				245C630A20493D95007DBA5E /* Sources */,
				245C630B20493D95007DBA5E /* Frameworks */,
				245C630C20493D95007DBA5E /* Resources */,
			);
			buildRules = (
			);
			dependencies = (
			);
			name = cloneEleMeAddShopCart;
			productName = cloneEleMeAddShopCart;
			productReference = 245C630E20493D95007DBA5E /* cloneEleMeAddShopCart.app */;
			productType = "com.apple.product-type.application";
		};
/* End PBXNativeTarget section */

/* Begin PBXProject section */
		245C630620493D95007DBA5E /* Project object */ = {
			isa = PBXProject;
			attributes = {
				LastUpgradeCheck = 0920;
				ORGANIZATIONNAME = "李真";
				TargetAttributes = {
					245C630D20493D95007DBA5E = {
						CreatedOnToolsVersion = 9.2;
						ProvisioningStyle = Automatic;
					};
				};
			};
			buildConfigurationList = 245C630920493D95007DBA5E /* Build configuration list for PBXProject "cloneEleMeAddShopCart" */;
			compatibilityVersion = "Xcode 8.0";
			developmentRegion = en;
			hasScannedForEncodings = 0;
			knownRegions = (
				en,
				Base,
			);
			mainGroup = 245C630520493D95007DBA5E;
			productRefGroup = 245C630F20493D95007DBA5E /* Products */;
			projectDirPath = "";
			projectRoot = "";
			targets = (
				245C630D20493D95007DBA5E /* cloneEleMeAddShopCart */,
			);
		};
/* End PBXProject section */

/* Begin PBXResourcesBuildPhase section */
		245C630C20493D95007DBA5E /* Resources */ = {
			isa = PBXResourcesBuildPhase;
			buildActionMask = 2147483647;
			files = (
				245C631E20493D95007DBA5E /* LaunchScreen.storyboard in Resources */,
				245C636B20493DC6007DBA5E /* add@3x.png in Resources */,
				245C635620493DC6007DBA5E /* add@2x.png in Resources */,
				245C631B20493D95007DBA5E /* Assets.xcassets in Resources */,
				245C636720493DC6007DBA5E /* add.png in Resources */,
				245C631920493D95007DBA5E /* Main.storyboard in Resources */,
				245C636D20493DCD007DBA5E /* 购物车.png in Resources */,
				245C635520493DC6007DBA5E /* CartTableViewCell.xib in Resources */,
				245C636920493DC6007DBA5E /* shopcart.gif in Resources */,
			);
			runOnlyForDeploymentPostprocessing = 0;
		};
/* End PBXResourcesBuildPhase section */

/* Begin PBXSourcesBuildPhase section */
		245C630A20493D95007DBA5E /* Sources */ = {
			isa = PBXSourcesBuildPhase;
			buildActionMask = 2147483647;
			files = (
				245C636A20493DC6007DBA5E /* ViewController.m in Sources */,
				245C635A20493DC6007DBA5E /* SDWebImageDecoder.m in Sources */,
				245C635F20493DC6007DBA5E /* SDWebImageCompat.m in Sources */,
				245C635C20493DC6007DBA5E /* SDWebImageDownloader.m in Sources */,
				245C636020493DC6007DBA5E /* SDWebImagePrefetcher.m in Sources */,
				245C636420493DC6007DBA5E /* UIImageView+WebCache.m in Sources */,
				245C632120493D95007DBA5E /* main.m in Sources */,
				245C635B20493DC6007DBA5E /* UIImageView+HighlightedWebCache.m in Sources */,
				245C636220493DC6007DBA5E /* SDWebImageDownloaderOperation.m in Sources */,
				245C635420493DC6007DBA5E /* CartTableViewCell.m in Sources */,
				245C636820493DC6007DBA5E /* ShoppingCartTool.m in Sources */,
				245C631320493D95007DBA5E /* AppDelegate.m in Sources */,
				245C635920493DC6007DBA5E /* SDWebImageManager.m in Sources */,
				245C636320493DC6007DBA5E /* NSData+ImageContentType.m in Sources */,
				245C636620493DC6007DBA5E /* UIButton+WebCache.m in Sources */,
				245C635820493DC6007DBA5E /* MKAnnotationView+WebCache.m in Sources */,
				245C635D20493DC6007DBA5E /* UIImage+GIF.m in Sources */,
				245C635720493DC6007DBA5E /* UIImage+WebP.m in Sources */,
				245C635E20493DC6007DBA5E /* UIImage+MultiFormat.m in Sources */,
				245C636520493DC6007DBA5E /* UIView+WebCacheOperation.m in Sources */,
				245C636120493DC6007DBA5E /* SDImageCache.m in Sources */,
			);
			runOnlyForDeploymentPostprocessing = 0;
		};
/* End PBXSourcesBuildPhase section */

/* Begin PBXVariantGroup section */
		245C631720493D95007DBA5E /* Main.storyboard */ = {
			isa = PBXVariantGroup;
			children = (
				245C631820493D95007DBA5E /* Base */,
			);
			name = Main.storyboard;
			sourceTree = "<group>";
		};
		245C631C20493D95007DBA5E /* LaunchScreen.storyboard */ = {
			isa = PBXVariantGroup;
			children = (
				245C631D20493D95007DBA5E /* Base */,
			);
			name = LaunchScreen.storyboard;
			sourceTree = "<group>";
		};
/* End PBXVariantGroup section */

/* Begin XCBuildConfiguration section */
		245C632220493D95007DBA5E /* Debug */ = {
			isa = XCBuildConfiguration;
			buildSettings = {
				ALWAYS_SEARCH_USER_PATHS = NO;
				CLANG_ANALYZER_NONNULL = YES;
				CLANG_ANALYZER_NUMBER_OBJECT_CONVERSION = YES_AGGRESSIVE;
				CLANG_CXX_LANGUAGE_STANDARD = "gnu++14";
				CLANG_CXX_LIBRARY = "libc++";
				CLANG_ENABLE_MODULES = YES;
				CLANG_ENABLE_OBJC_ARC = YES;
				CLANG_WARN_BLOCK_CAPTURE_AUTORELEASING = YES;
				CLANG_WARN_BOOL_CONVERSION = YES;
				CLANG_WARN_COMMA = YES;
				CLANG_WARN_CONSTANT_CONVERSION = YES;
				CLANG_WARN_DIRECT_OBJC_ISA_USAGE = YES_ERROR;
				CLANG_WARN_DOCUMENTATION_COMMENTS = YES;
				CLANG_WARN_EMPTY_BODY = YES;
				CLANG_WARN_ENUM_CONVERSION = YES;
				CLANG_WARN_INFINITE_RECURSION = YES;
				CLANG_WARN_INT_CONVERSION = YES;
				CLANG_WARN_NON_LITERAL_NULL_CONVERSION = YES;
				CLANG_WARN_OBJC_LITERAL_CONVERSION = YES;
				CLANG_WARN_OBJC_ROOT_CLASS = YES_ERROR;
				CLANG_WARN_RANGE_LOOP_ANALYSIS = YES;
				CLANG_WARN_STRICT_PROTOTYPES = YES;
				CLANG_WARN_SUSPICIOUS_MOVE = YES;
				CLANG_WARN_UNGUARDED_AVAILABILITY = YES_AGGRESSIVE;
				CLANG_WARN_UNREACHABLE_CODE = YES;
				CLANG_WARN__DUPLICATE_METHOD_MATCH = YES;
				CODE_SIGN_IDENTITY = "iPhone Developer";
				COPY_PHASE_STRIP = NO;
				DEBUG_INFORMATION_FORMAT = dwarf;
				ENABLE_STRICT_OBJC_MSGSEND = YES;
				ENABLE_TESTABILITY = YES;
				GCC_C_LANGUAGE_STANDARD = gnu11;
				GCC_DYNAMIC_NO_PIC = NO;
				GCC_NO_COMMON_BLOCKS = YES;
				GCC_OPTIMIZATION_LEVEL = 0;
				GCC_PREPROCESSOR_DEFINITIONS = (
					"DEBUG=1",
					"$(inherited)",
				);
				GCC_WARN_64_TO_32_BIT_CONVERSION = YES;
				GCC_WARN_ABOUT_RETURN_TYPE = YES_ERROR;
				GCC_WARN_UNDECLARED_SELECTOR = YES;
				GCC_WARN_UNINITIALIZED_AUTOS = YES_AGGRESSIVE;
				GCC_WARN_UNUSED_FUNCTION = YES;
				GCC_WARN_UNUSED_VARIABLE = YES;
				IPHONEOS_DEPLOYMENT_TARGET = 11.2;
				MTL_ENABLE_DEBUG_INFO = YES;
				ONLY_ACTIVE_ARCH = YES;
				SDKROOT = iphoneos;
			};
			name = Debug;
		};
		245C632320493D95007DBA5E /* Release */ = {
			isa = XCBuildConfiguration;
			buildSettings = {
				ALWAYS_SEARCH_USER_PATHS = NO;
				CLANG_ANALYZER_NONNULL = YES;
				CLANG_ANALYZER_NUMBER_OBJECT_CONVERSION = YES_AGGRESSIVE;
				CLANG_CXX_LANGUAGE_STANDARD = "gnu++14";
				CLANG_CXX_LIBRARY = "libc++";
				CLANG_ENABLE_MODULES = YES;
				CLANG_ENABLE_OBJC_ARC = YES;
				CLANG_WARN_BLOCK_CAPTURE_AUTORELEASING = YES;
				CLANG_WARN_BOOL_CONVERSION = YES;
				CLANG_WARN_COMMA = YES;
				CLANG_WARN_CONSTANT_CONVERSION = YES;
				CLANG_WARN_DIRECT_OBJC_ISA_USAGE = YES_ERROR;
				CLANG_WARN_DOCUMENTATION_COMMENTS = YES;
				CLANG_WARN_EMPTY_BODY = YES;
				CLANG_WARN_ENUM_CONVERSION = YES;
				CLANG_WARN_INFINITE_RECURSION = YES;
				CLANG_WARN_INT_CONVERSION = YES;
				CLANG_WARN_NON_LITERAL_NULL_CONVERSION = YES;
				CLANG_WARN_OBJC_LITERAL_CONVERSION = YES;
				CLANG_WARN_OBJC_ROOT_CLASS = YES_ERROR;
				CLANG_WARN_RANGE_LOOP_ANALYSIS = YES;
				CLANG_WARN_STRICT_PROTOTYPES = YES;
				CLANG_WARN_SUSPICIOUS_MOVE = YES;
				CLANG_WARN_UNGUARDED_AVAILABILITY = YES_AGGRESSIVE;
				CLANG_WARN_UNREACHABLE_CODE = YES;
				CLANG_WARN__DUPLICATE_METHOD_MATCH = YES;
				CODE_SIGN_IDENTITY = "iPhone Developer";
				COPY_PHASE_STRIP = NO;
				DEBUG_INFORMATION_FORMAT = "dwarf-with-dsym";
				ENABLE_NS_ASSERTIONS = NO;
				ENABLE_STRICT_OBJC_MSGSEND = YES;
				GCC_C_LANGUAGE_STANDARD = gnu11;
				GCC_NO_COMMON_BLOCKS = YES;
				GCC_WARN_64_TO_32_BIT_CONVERSION = YES;
				GCC_WARN_ABOUT_RETURN_TYPE = YES_ERROR;
				GCC_WARN_UNDECLARED_SELECTOR = YES;
				GCC_WARN_UNINITIALIZED_AUTOS = YES_AGGRESSIVE;
				GCC_WARN_UNUSED_FUNCTION = YES;
				GCC_WARN_UNUSED_VARIABLE = YES;
				IPHONEOS_DEPLOYMENT_TARGET = 11.2;
				MTL_ENABLE_DEBUG_INFO = NO;
				SDKROOT = iphoneos;
				VALIDATE_PRODUCT = YES;
			};
			name = Release;
		};
		245C632520493D95007DBA5E /* Debug */ = {
			isa = XCBuildConfiguration;
			buildSettings = {
				ASSETCATALOG_COMPILER_APPICON_NAME = AppIcon;
				CODE_SIGN_STYLE = Automatic;
				DEVELOPMENT_TEAM = 3244P8AS39;
				INFOPLIST_FILE = cloneEleMeAddShopCart/Info.plist;
				LD_RUNPATH_SEARCH_PATHS = "$(inherited) @executable_path/Frameworks";
				PRODUCT_BUNDLE_IDENTIFIER = lizhen.cloneEleMeAddShopCart;
				PRODUCT_NAME = "$(TARGET_NAME)";
				TARGETED_DEVICE_FAMILY = "1,2";
			};
			name = Debug;
		};
		245C632620493D95007DBA5E /* Release */ = {
			isa = XCBuildConfiguration;
			buildSettings = {
				ASSETCATALOG_COMPILER_APPICON_NAME = AppIcon;
				CODE_SIGN_STYLE = Automatic;
				DEVELOPMENT_TEAM = 3244P8AS39;
				INFOPLIST_FILE = cloneEleMeAddShopCart/Info.plist;
				LD_RUNPATH_SEARCH_PATHS = "$(inherited) @executable_path/Frameworks";
				PRODUCT_BUNDLE_IDENTIFIER = lizhen.cloneEleMeAddShopCart;
				PRODUCT_NAME = "$(TARGET_NAME)";
				TARGETED_DEVICE_FAMILY = "1,2";
			};
			name = Release;
		};
/* End XCBuildConfiguration section */

/* Begin XCConfigurationList section */
		245C630920493D95007DBA5E /* Build configuration list for PBXProject "cloneEleMeAddShopCart" */ = {
			isa = XCConfigurationList;
			buildConfigurations = (
				245C632220493D95007DBA5E /* Debug */,
				245C632320493D95007DBA5E /* Release */,
			);
			defaultConfigurationIsVisible = 0;
			defaultConfigurationName = Release;
		};
		245C632420493D95007DBA5E /* Build configuration list for PBXNativeTarget "cloneEleMeAddShopCart" */ = {
			isa = XCConfigurationList;
			buildConfigurations = (
				245C632520493D95007DBA5E /* Debug */,
				245C632620493D95007DBA5E /* Release */,
			);
			defaultConfigurationIsVisible = 0;
			defaultConfigurationName = Release;
		};
/* End XCConfigurationList section */
	};
	rootObject = 245C630620493D95007DBA5E /* Project object */;
}
